// !$*UTF8*$!
{
	archiveVersion = 1;
	classes = {
	};
	objectVersion = 46;
	objects = {

/* Begin PBXBuildFile section */
		09FE4C821F06E09400C44404 /* AppDelegate.swift in Sources */ = {isa = PBXBuildFile; fileRef = 09FE4C811F06E09400C44404 /* AppDelegate.swift */; };
		09FE4C841F06E09400C44404 /* ViewController.swift in Sources */ = {isa = PBXBuildFile; fileRef = 09FE4C831F06E09400C44404 /* ViewController.swift */; };
		09FE4C871F06E09400C44404 /* Main.storyboard in Resources */ = {isa = PBXBuildFile; fileRef = 09FE4C851F06E09400C44404 /* Main.storyboard */; };
		09FE4C891F06E09400C44404 /* Assets.xcassets in Resources */ = {isa = PBXBuildFile; fileRef = 09FE4C881F06E09400C44404 /* Assets.xcassets */; };
		09FE4C8C1F06E09400C44404 /* LaunchScreen.storyboard in Resources */ = {isa = PBXBuildFile; fileRef = 09FE4C8A1F06E09400C44404 /* LaunchScreen.storyboard */; };
		8A9F3C1EE8A53D33F8835ED5 /* Pods_WordRemixer.framework in Frameworks */ = {isa = PBXBuildFile; fileRef = BF314992DEF5C81C590CF0E9 /* Pods_WordRemixer.framework */; };
/* End PBXBuildFile section */

/* Begin PBXFileReference section */
		09FE4C7E1F06E09400C44404 /* WordRemixer.app */ = {isa = PBXFileReference; explicitFileType = wrapper.application; includeInIndex = 0; path = WordRemixer.app; sourceTree = BUILT_PRODUCTS_DIR; };
		09FE4C811F06E09400C44404 /* AppDelegate.swift */ = {isa = PBXFileReference; lastKnownFileType = sourcecode.swift; path = AppDelegate.swift; sourceTree = "<group>"; };
		09FE4C831F06E09400C44404 /* ViewController.swift */ = {isa = PBXFileReference; lastKnownFileType = sourcecode.swift; path = ViewController.swift; sourceTree = "<group>"; };
		09FE4C861F06E09400C44404 /* Base */ = {isa = PBXFileReference; lastKnownFileType = file.storyboard; name = Base; path = Base.lproj/Main.storyboard; sourceTree = "<group>"; };
		09FE4C881F06E09400C44404 /* Assets.xcassets */ = {isa = PBXFileReference; lastKnownFileType = folder.assetcatalog; path = Assets.xcassets; sourceTree = "<group>"; };
		09FE4C8B1F06E09400C44404 /* Base */ = {isa = PBXFileReference; lastKnownFileType = file.storyboard; name = Base; path = Base.lproj/LaunchScreen.storyboard; sourceTree = "<group>"; };
		09FE4C8D1F06E09400C44404 /* Info.plist */ = {isa = PBXFileReference; lastKnownFileType = text.plist.xml; path = Info.plist; sourceTree = "<group>"; };
		BF314992DEF5C81C590CF0E9 /* Pods_WordRemixer.framework */ = {isa = PBXFileReference; explicitFileType = wrapper.framework; includeInIndex = 0; path = Pods_WordRemixer.framework; sourceTree = BUILT_PRODUCTS_DIR; };
		E9AD6B3C26383EDC2DB0F3E3 /* Pods-WordRemixer.release.xcconfig */ = {isa = PBXFileReference; includeInIndex = 1; lastKnownFileType = text.xcconfig; name = "Pods-WordRemixer.release.xcconfig"; path = "Pods/Target Support Files/Pods-WordRemixer/Pods-WordRemixer.release.xcconfig"; sourceTree = "<group>"; };
		F76C37A684EC741DEE5B8838 /* Pods-WordRemixer.debug.xcconfig */ = {isa = PBXFileReference; includeInIndex = 1; lastKnownFileType = text.xcconfig; name = "Pods-WordRemixer.debug.xcconfig"; path = "Pods/Target Support Files/Pods-WordRemixer/Pods-WordRemixer.debug.xcconfig"; sourceTree = "<group>"; };
/* End PBXFileReference section */

/* Begin PBXFrameworksBuildPhase section */
		09FE4C7B1F06E09400C44404 /* Frameworks */ = {
			isa = PBXFrameworksBuildPhase;
			buildActionMask = 2147483647;
			files = (
				8A9F3C1EE8A53D33F8835ED5 /* Pods_WordRemixer.framework in Frameworks */,
			);
			runOnlyForDeploymentPostprocessing = 0;
		};
/* End PBXFrameworksBuildPhase section */

/* Begin PBXGroup section */
		09FE4C751F06E09400C44404 = {
			isa = PBXGroup;
			children = (
				09FE4C801F06E09400C44404 /* WordRemixer */,
				09FE4C7F1F06E09400C44404 /* Products */,
				A1ECFF402A0C5E75FBF48125 /* Pods */,
				D818D8090E2F1B9745456266 /* Frameworks */,
			);
			sourceTree = "<group>";
		};
		09FE4C7F1F06E09400C44404 /* Products */ = {
			isa = PBXGroup;
			children = (
				09FE4C7E1F06E09400C44404 /* WordRemixer.app */,
			);
			name = Products;
			sourceTree = "<group>";
		};
		09FE4C801F06E09400C44404 /* WordRemixer */ = {
			isa = PBXGroup;
			children = (
				09FE4C811F06E09400C44404 /* AppDelegate.swift */,
				09FE4C831F06E09400C44404 /* ViewController.swift */,
				09FE4C851F06E09400C44404 /* Main.storyboard */,
				09FE4C881F06E09400C44404 /* Assets.xcassets */,
				09FE4C8A1F06E09400C44404 /* LaunchScreen.storyboard */,
				09FE4C8D1F06E09400C44404 /* Info.plist */,
			);
			path = WordRemixer;
			sourceTree = "<group>";
		};
		A1ECFF402A0C5E75FBF48125 /* Pods */ = {
			isa = PBXGroup;
			children = (
				F76C37A684EC741DEE5B8838 /* Pods-WordRemixer.debug.xcconfig */,
				E9AD6B3C26383EDC2DB0F3E3 /* Pods-WordRemixer.release.xcconfig */,
			);
			name = Pods;
			sourceTree = "<group>";
		};
		D818D8090E2F1B9745456266 /* Frameworks */ = {
			isa = PBXGroup;
			children = (
				BF314992DEF5C81C590CF0E9 /* Pods_WordRemixer.framework */,
			);
			name = Frameworks;
			sourceTree = "<group>";
		};
/* End PBXGroup section */

/* Begin PBXNativeTarget section */
		09FE4C7D1F06E09400C44404 /* WordRemixer */ = {
			isa = PBXNativeTarget;
			buildConfigurationList = 09FE4C901F06E09400C44404 /* Build configuration list for PBXNativeTarget "WordRemixer" */;
			buildPhases = (
				E024FC943454FEE437AB4420 /* [CP] Check Pods Manifest.lock */,
				09FE4C7A1F06E09400C44404 /* Sources */,
				09FE4C7B1F06E09400C44404 /* Frameworks */,
				09FE4C7C1F06E09400C44404 /* Resources */,
				2427A2606C344136344FA39E /* [CP] Embed Pods Frameworks */,
				DD001023144A07D576A947DB /* [CP] Copy Pods Resources */,
			);
			buildRules = (
			);
			dependencies = (
			);
			name = WordRemixer;
			productName = WordRemixer;
			productReference = 09FE4C7E1F06E09400C44404 /* WordRemixer.app */;
			productType = "com.apple.product-type.application";
		};
/* End PBXNativeTarget section */

/* Begin PBXProject section */
		09FE4C761F06E09400C44404 /* Project object */ = {
			isa = PBXProject;
			attributes = {
				LastSwiftUpdateCheck = 0820;
				LastUpgradeCheck = 0820;
				ORGANIZATIONNAME = Apprentice;
				TargetAttributes = {
					09FE4C7D1F06E09400C44404 = {
						CreatedOnToolsVersion = 8.2.1;
						ProvisioningStyle = Automatic;
					};
				};
			};
			buildConfigurationList = 09FE4C791F06E09400C44404 /* Build configuration list for PBXProject "WordRemixer" */;
			compatibilityVersion = "Xcode 3.2";
			developmentRegion = English;
			hasScannedForEncodings = 0;
			knownRegions = (
				en,
				Base,
			);
			mainGroup = 09FE4C751F06E09400C44404;
			productRefGroup = 09FE4C7F1F06E09400C44404 /* Products */;
			projectDirPath = "";
			projectRoot = "";
			targets = (
				09FE4C7D1F06E09400C44404 /* WordRemixer */,
			);
		};
/* End PBXProject section */

/* Begin PBXResourcesBuildPhase section */
		09FE4C7C1F06E09400C44404 /* Resources */ = {
			isa = PBXResourcesBuildPhase;
			buildActionMask = 2147483647;
			files = (
				09FE4C8C1F06E09400C44404 /* LaunchScreen.storyboard in Resources */,
				09FE4C891F06E09400C44404 /* Assets.xcassets in Resources */,
				09FE4C871F06E09400C44404 /* Main.storyboard in Resources */,
			);
			runOnlyForDeploymentPostprocessing = 0;
		};
/* End PBXResourcesBuildPhase section */

/* Begin PBXShellScriptBuildPhase section */
		2427A2606C344136344FA39E /* [CP] Embed Pods Frameworks */ = {
			isa = PBXShellScriptBuildPhase;
			buildActionMask = 2147483647;
			files = (
			);
			inputPaths = (
			);
			name = "[CP] Embed Pods Frameworks";
			outputPaths = (
			);
			runOnlyForDeploymentPostprocessing = 0;
			shellPath = /bin/sh;
			shellScript = "\"${SRCROOT}/Pods/Target Support Files/Pods-WordRemixer/Pods-WordRemixer-frameworks.sh\"\n";
			showEnvVarsInLog = 0;
		};
		DD001023144A07D576A947DB /* [CP] Copy Pods Resources */ = {
			isa = PBXShellScriptBuildPhase;
			buildActionMask = 2147483647;
			files = (
			);
			inputPaths = (
			);
			name = "[CP] Copy Pods Resources";
			outputPaths = (
			);
			runOnlyForDeploymentPostprocessing = 0;
			shellPath = /bin/sh;
			shellScript = "\"${SRCROOT}/Pods/Target Support Files/Pods-WordRemixer/Pods-WordRemixer-resources.sh\"\n";
			showEnvVarsInLog = 0;
		};
		E024FC943454FEE437AB4420 /* [CP] Check Pods Manifest.lock */ = {
			isa = PBXShellScriptBuildPhase;
			buildActionMask = 2147483647;
			files = (
			);
			inputPaths = (
			);
			name = "[CP] Check Pods Manifest.lock";
			outputPaths = (
			);
			runOnlyForDeploymentPostprocessing = 0;
			shellPath = /bin/sh;
			shellScript = "diff \"${PODS_PODFILE_DIR_PATH}/Podfile.lock\" \"${PODS_ROOT}/Manifest.lock\" > /dev/null\nif [ $? != 0 ] ; then\n    # print error to STDERR\n    echo \"error: The sandbox is not in sync with the Podfile.lock. Run 'pod install' or update your CocoaPods installation.\" >&2\n    exit 1\nfi\n";
			showEnvVarsInLog = 0;
		};
/* End PBXShellScriptBuildPhase section */

/* Begin PBXSourcesBuildPhase section */
		09FE4C7A1F06E09400C44404 /* Sources */ = {
			isa = PBXSourcesBuildPhase;
			buildActionMask = 2147483647;
			files = (
				09FE4C841F06E09400C44404 /* ViewController.swift in Sources */,
				09FE4C821F06E09400C44404 /* AppDelegate.swift in Sources */,
			);
			runOnlyForDeploymentPostprocessing = 0;
		};
/* End PBXSourcesBuildPhase section */

/* Begin PBXVariantGroup section */
		09FE4C851F06E09400C44404 /* Main.storyboard */ = {
			isa = PBXVariantGroup;
			children = (
				09FE4C861F06E09400C44404 /* Base */,
			);
			name = Main.storyboard;
			sourceTree = "<group>";
		};
		09FE4C8A1F06E09400C44404 /* LaunchScreen.storyboard */ = {
			isa = PBXVariantGroup;
			children = (
				09FE4C8B1F06E09400C44404 /* Base */,
			);
			name = LaunchScreen.storyboard;
			sourceTree = "<group>";
		};
/* End PBXVariantGroup section */

/* Begin XCBuildConfiguration section */
		09FE4C8E1F06E09400C44404 /* Debug */ = {
			isa = XCBuildConfiguration;
			buildSettings = {
				ALWAYS_SEARCH_USER_PATHS = NO;
				CLANG_ANALYZER_NONNULL = YES;
				CLANG_CXX_LANGUAGE_STANDARD = "gnu++0x";
				CLANG_CXX_LIBRARY = "libc++";
				CLANG_ENABLE_MODULES = YES;
				CLANG_ENABLE_OBJC_ARC = YES;
				CLANG_WARN_BOOL_CONVERSION = YES;
				CLANG_WARN_CONSTANT_CONVERSION = YES;
				CLANG_WARN_DIRECT_OBJC_ISA_USAGE = YES_ERROR;
				CLANG_WARN_DOCUMENTATION_COMMENTS = YES;
				CLANG_WARN_EMPTY_BODY = YES;
				CLANG_WARN_ENUM_CONVERSION = YES;
				CLANG_WARN_INFINITE_RECURSION = YES;
				CLANG_WARN_INT_CONVERSION = YES;
				CLANG_WARN_OBJC_ROOT_CLASS = YES_ERROR;
				CLANG_WARN_SUSPICIOUS_MOVE = YES;
				CLANG_WARN_UNREACHABLE_CODE = YES;
				CLANG_WARN__DUPLICATE_METHOD_MATCH = YES;
				"CODE_SIGN_IDENTITY[sdk=iphoneos*]" = "iPhone Developer";
				COPY_PHASE_STRIP = NO;
				DEBUG_INFORMATION_FORMAT = dwarf;
				ENABLE_STRICT_OBJC_MSGSEND = YES;
				ENABLE_TESTABILITY = YES;
				GCC_C_LANGUAGE_STANDARD = gnu99;
				GCC_DYNAMIC_NO_PIC = NO;
				GCC_NO_COMMON_BLOCKS = YES;
				GCC_OPTIMIZATION_LEVEL = 0;
				GCC_PREPROCESSOR_DEFINITIONS = (
					"DEBUG=1",
					"$(inherited)",
				);
				GCC_WARN_64_TO_32_BIT_CONVERSION = YES;
				GCC_WARN_ABOUT_RETURN_TYPE = YES_ERROR;
				GCC_WARN_UNDECLARED_SELECTOR = YES;
				GCC_WARN_UNINITIALIZED_AUTOS = YES_AGGRESSIVE;
				GCC_WARN_UNUSED_FUNCTION = YES;
				GCC_WARN_UNUSED_VARIABLE = YES;
				IPHONEOS_DEPLOYMENT_TARGET = 10.2;
				MTL_ENABLE_DEBUG_INFO = YES;
				ONLY_ACTIVE_ARCH = YES;
				SDKROOT = iphoneos;
				SWIFT_ACTIVE_COMPILATION_CONDITIONS = DEBUG;
				SWIFT_OPTIMIZATION_LEVEL = "-Onone";
				TARGETED_DEVICE_FAMILY = "1,2";
			};
			name = Debug;
		};
		09FE4C8F1F06E09400C44404 /* Release */ = {
			isa = XCBuildConfiguration;
			buildSettings = {
				ALWAYS_SEARCH_USER_PATHS = NO;
				CLANG_ANALYZER_NONNULL = YES;
				CLANG_CXX_LANGUAGE_STANDARD = "gnu++0x";
				CLANG_CXX_LIBRARY = "libc++";
				CLANG_ENABLE_MODULES = YES;
				CLANG_ENABLE_OBJC_ARC = YES;
				CLANG_WARN_BOOL_CONVERSION = YES;
				CLANG_WARN_CONSTANT_CONVERSION = YES;
				CLANG_WARN_DIRECT_OBJC_ISA_USAGE = YES_ERROR;
				CLANG_WARN_DOCUMENTATION_COMMENTS = YES;
				CLANG_WARN_EMPTY_BODY = YES;
				CLANG_WARN_ENUM_CONVERSION = YES;
				CLANG_WARN_INFINITE_RECURSION = YES;
				CLANG_WARN_INT_CONVERSION = YES;
				CLANG_WARN_OBJC_ROOT_CLASS = YES_ERROR;
				CLANG_WARN_SUSPICIOUS_MOVE = YES;
				CLANG_WARN_UNREACHABLE_CODE = YES;
				CLANG_WARN__DUPLICATE_METHOD_MATCH = YES;
				"CODE_SIGN_IDENTITY[sdk=iphoneos*]" = "iPhone Developer";
				COPY_PHASE_STRIP = NO;
				DEBUG_INFORMATION_FORMAT = "dwarf-with-dsym";
				ENABLE_NS_ASSERTIONS = NO;
				ENABLE_STRICT_OBJC_MSGSEND = YES;
				GCC_C_LANGUAGE_STANDARD = gnu99;
				GCC_NO_COMMON_BLOCKS = YES;
				GCC_WARN_64_TO_32_BIT_CONVERSION = YES;
				GCC_WARN_ABOUT_RETURN_TYPE = YES_ERROR;
				GCC_WARN_UNDECLARED_SELECTOR = YES;
				GCC_WARN_UNINITIALIZED_AUTOS = YES_AGGRESSIVE;
				GCC_WARN_UNUSED_FUNCTION = YES;
				GCC_WARN_UNUSED_VARIABLE = YES;
				IPHONEOS_DEPLOYMENT_TARGET = 10.2;
				MTL_ENABLE_DEBUG_INFO = NO;
				SDKROOT = iphoneos;
				SWIFT_OPTIMIZATION_LEVEL = "-Owholemodule";
				TARGETED_DEVICE_FAMILY = "1,2";
				VALIDATE_PRODUCT = YES;
			};
			name = Release;
		};
		09FE4C911F06E09400C44404 /* Debug */ = {
			isa = XCBuildConfiguration;
			baseConfigurationReference = F76C37A684EC741DEE5B8838 /* Pods-WordRemixer.debug.xcconfig */;
			buildSettings = {
				ASSETCATALOG_COMPILER_APPICON_NAME = AppIcon;
				INFOPLIST_FILE = WordRemixer/Info.plist;
				LD_RUNPATH_SEARCH_PATHS = "$(inherited) @executable_path/Frameworks";
				PRODUCT_BUNDLE_IDENTIFIER = ArpNet.com.WordRemixer;
				PRODUCT_NAME = "$(TARGET_NAME)";
				SWIFT_VERSION = 3.0;
			};
			name = Debug;
		};
		09FE4C921F06E09400C44404 /* Release */ = {
			isa = XCBuildConfiguration;
			baseConfigurationReference = E9AD6B3C26383EDC2DB0F3E3 /* Pods-WordRemixer.release.xcconfig */;
			buildSettings = {
				ASSETCATALOG_COMPILER_APPICON_NAME = AppIcon;
				INFOPLIST_FILE = WordRemixer/Info.plist;
				LD_RUNPATH_SEARCH_PATHS = "$(inherited) @executable_path/Frameworks";
				PRODUCT_BUNDLE_IDENTIFIER = ArpNet.com.WordRemixer;
				PRODUCT_NAME = "$(TARGET_NAME)";
				SWIFT_VERSION = 3.0;
			};
			name = Release;
		};
/* End XCBuildConfiguration section */

/* Begin XCConfigurationList section */
		09FE4C791F06E09400C44404 /* Build configuration list for PBXProject "WordRemixer" */ = {
			isa = XCConfigurationList;
			buildConfigurations = (
				09FE4C8E1F06E09400C44404 /* Debug */,
				09FE4C8F1F06E09400C44404 /* Release */,
			);
			defaultConfigurationIsVisible = 0;
			defaultConfigurationName = Release;
		};
		09FE4C901F06E09400C44404 /* Build configuration list for PBXNativeTarget "WordRemixer" */ = {
			isa = XCConfigurationList;
			buildConfigurations = (
				09FE4C911F06E09400C44404 /* Debug */,
				09FE4C921F06E09400C44404 /* Release */,
			);
			defaultConfigurationIsVisible = 0;
		};
/* End XCConfigurationList section */
	};
	rootObject = 09FE4C761F06E09400C44404 /* Project object */;
}
